
Microsoft Visual Studio Solution File, Format Version 12.00
# Visual Studio 14
VisualStudioVersion = 14.0.25420.1
MinimumVisualStudioVersion = 10.0.40219.1
Project("{FAE04EC0-301F-11D3-BF4B-00C04F79EFBC}") = "Xamarians.CropImage", "Xamarians.CropImage\Xamarians.CropImage.csproj", "{67F9D3A8-F71E-4428-913F-C37AE82CDB24}"
EndProject
Project("{FAE04EC0-301F-11D3-BF4B-00C04F79EFBC}") = "Xamarians.CropImage.Droid", "Xamarians.CropImage.Droid\Xamarians.CropImage.Droid.csproj", "{25F8328C-0E38-45FF-9A46-83AABBA8E8EE}"
EndProject
Project("{FAE04EC0-301F-11D3-BF4B-00C04F79EFBC}") = "Xamarians.CropImage.iOS", "Xamarians.CropImage.iOS\Xamarians.CropImage.iOS.csproj", "{F54D1C0B-8514-4C95-BE97-E3005E65E0B7}"
EndProject
Project("{2150E333-8FDC-42A3-9474-1A3956D46DE8}") = "SampleApp", "SampleApp", "{43BE300D-EE4B-4188-9EF1-43D654FEAE8B}"
EndProject
Project("{FAE04EC0-301F-11D3-BF4B-00C04F79EFBC}") = "TestApp", "TestApp\TestApp\TestApp.csproj", "{D293E066-1556-466F-8340-DA57666B93E9}"
EndProject
Project("{FAE04EC0-301F-11D3-BF4B-00C04F79EFBC}") = "TestApp.Droid", "TestApp\TestApp.Droid\TestApp.Droid.csproj", "{956A3B16-F1D9-4B09-AED8-91680EF1C78C}"
EndProject
Project("{FAE04EC0-301F-11D3-BF4B-00C04F79EFBC}") = "TestApp.iOS", "TestApp\TestApp.iOS\TestApp.iOS.csproj", "{BDD7CA77-9062-4A13-8EDA-627296AEBB80}"
EndProject
Global
	GlobalSection(SolutionConfigurationPlatforms) = preSolution
		Ad-Hoc|Any CPU = Ad-Hoc|Any CPU
		Ad-Hoc|ARM = Ad-Hoc|ARM
		Ad-Hoc|iPhone = Ad-Hoc|iPhone
		Ad-Hoc|iPhoneSimulator = Ad-Hoc|iPhoneSimulator
		Ad-Hoc|x64 = Ad-Hoc|x64
		Ad-Hoc|x86 = Ad-Hoc|x86
		AppStore|Any CPU = AppStore|Any CPU
		AppStore|ARM = AppStore|ARM
		AppStore|iPhone = AppStore|iPhone
		AppStore|iPhoneSimulator = AppStore|iPhoneSimulator
		AppStore|x64 = AppStore|x64
		AppStore|x86 = AppStore|x86
		Debug|Any CPU = Debug|Any CPU
		Debug|ARM = Debug|ARM
		Debug|iPhone = Debug|iPhone
		Debug|iPhoneSimulator = Debug|iPhoneSimulator
		Debug|x64 = Debug|x64
		Debug|x86 = Debug|x86
		Release|Any CPU = Release|Any CPU
		Release|ARM = Release|ARM
		Release|iPhone = Release|iPhone
		Release|iPhoneSimulator = Release|iPhoneSimulator
		Release|x64 = Release|x64
		Release|x86 = Release|x86
	EndGlobalSection
	GlobalSection(ProjectConfigurationPlatforms) = postSolution
		{67F9D3A8-F71E-4428-913F-C37AE82CDB24}.Ad-Hoc|Any CPU.ActiveCfg = Release|Any CPU
		{67F9D3A8-F71E-4428-913F-C37AE82CDB24}.Ad-Hoc|Any CPU.Build.0 = Release|Any CPU
		{67F9D3A8-F71E-4428-913F-C37AE82CDB24}.Ad-Hoc|ARM.ActiveCfg = Release|Any CPU
		{67F9D3A8-F71E-4428-913F-C37AE82CDB24}.Ad-Hoc|ARM.Build.0 = Release|Any CPU
		{67F9D3A8-F71E-4428-913F-C37AE82CDB24}.Ad-Hoc|iPhone.ActiveCfg = Release|Any CPU
		{67F9D3A8-F71E-4428-913F-C37AE82CDB24}.Ad-Hoc|iPhone.Build.0 = Release|Any CPU
		{67F9D3A8-F71E-4428-913F-C37AE82CDB24}.Ad-Hoc|iPhoneSimulator.ActiveCfg = Release|Any CPU
		{67F9D3A8-F71E-4428-913F-C37AE82CDB24}.Ad-Hoc|iPhoneSimulator.Build.0 = Release|Any CPU
		{67F9D3A8-F71E-4428-913F-C37AE82CDB24}.Ad-Hoc|x64.ActiveCfg = Release|Any CPU
		{67F9D3A8-F71E-4428-913F-C37AE82CDB24}.Ad-Hoc|x64.Build.0 = Release|Any CPU
		{67F9D3A8-F71E-4428-913F-C37AE82CDB24}.Ad-Hoc|x86.ActiveCfg = Release|Any CPU
		{67F9D3A8-F71E-4428-913F-C37AE82CDB24}.Ad-Hoc|x86.Build.0 = Release|Any CPU
		{67F9D3A8-F71E-4428-913F-C37AE82CDB24}.AppStore|Any CPU.ActiveCfg = Release|Any CPU
		{67F9D3A8-F71E-4428-913F-C37AE82CDB24}.AppStore|Any CPU.Build.0 = Release|Any CPU
		{67F9D3A8-F71E-4428-913F-C37AE82CDB24}.AppStore|ARM.ActiveCfg = Release|Any CPU
		{67F9D3A8-F71E-4428-913F-C37AE82CDB24}.AppStore|ARM.Build.0 = Release|Any CPU
		{67F9D3A8-F71E-4428-913F-C37AE82CDB24}.AppStore|iPhone.ActiveCfg = Release|Any CPU
		{67F9D3A8-F71E-4428-913F-C37AE82CDB24}.AppStore|iPhone.Build.0 = Release|Any CPU
		{67F9D3A8-F71E-4428-913F-C37AE82CDB24}.AppStore|iPhoneSimulator.ActiveCfg = Release|Any CPU
		{67F9D3A8-F71E-4428-913F-C37AE82CDB24}.AppStore|iPhoneSimulator.Build.0 = Release|Any CPU
		{67F9D3A8-F71E-4428-913F-C37AE82CDB24}.AppStore|x64.ActiveCfg = Release|Any CPU
		{67F9D3A8-F71E-4428-913F-C37AE82CDB24}.AppStore|x64.Build.0 = Release|Any CPU
		{67F9D3A8-F71E-4428-913F-C37AE82CDB24}.AppStore|x86.ActiveCfg = Release|Any CPU
		{67F9D3A8-F71E-4428-913F-C37AE82CDB24}.AppStore|x86.Build.0 = Release|Any CPU
		{67F9D3A8-F71E-4428-913F-C37AE82CDB24}.Debug|Any CPU.ActiveCfg = Debug|Any CPU
		{67F9D3A8-F71E-4428-913F-C37AE82CDB24}.Debug|Any CPU.Build.0 = Debug|Any CPU
		{67F9D3A8-F71E-4428-913F-C37AE82CDB24}.Debug|ARM.ActiveCfg = Debug|Any CPU
		{67F9D3A8-F71E-4428-913F-C37AE82CDB24}.Debug|ARM.Build.0 = Debug|Any CPU
		{67F9D3A8-F71E-4428-913F-C37AE82CDB24}.Debug|iPhone.ActiveCfg = Debug|Any CPU
		{67F9D3A8-F71E-4428-913F-C37AE82CDB24}.Debug|iPhone.Build.0 = Debug|Any CPU
		{67F9D3A8-F71E-4428-913F-C37AE82CDB24}.Debug|iPhoneSimulator.ActiveCfg = Debug|Any CPU
		{67F9D3A8-F71E-4428-913F-C37AE82CDB24}.Debug|iPhoneSimulator.Build.0 = Debug|Any CPU
		{67F9D3A8-F71E-4428-913F-C37AE82CDB24}.Debug|x64.ActiveCfg = Debug|Any CPU
		{67F9D3A8-F71E-4428-913F-C37AE82CDB24}.Debug|x64.Build.0 = Debug|Any CPU
		{67F9D3A8-F71E-4428-913F-C37AE82CDB24}.Debug|x86.ActiveCfg = Debug|Any CPU
		{67F9D3A8-F71E-4428-913F-C37AE82CDB24}.Debug|x86.Build.0 = Debug|Any CPU
		{67F9D3A8-F71E-4428-913F-C37AE82CDB24}.Release|Any CPU.ActiveCfg = Release|Any CPU
		{67F9D3A8-F71E-4428-913F-C37AE82CDB24}.Release|Any CPU.Build.0 = Release|Any CPU
		{67F9D3A8-F71E-4428-913F-C37AE82CDB24}.Release|ARM.ActiveCfg = Release|Any CPU
		{67F9D3A8-F71E-4428-913F-C37AE82CDB24}.Release|ARM.Build.0 = Release|Any CPU
		{67F9D3A8-F71E-4428-913F-C37AE82CDB24}.Release|iPhone.ActiveCfg = Release|Any CPU
		{67F9D3A8-F71E-4428-913F-C37AE82CDB24}.Release|iPhone.Build.0 = Release|Any CPU
		{67F9D3A8-F71E-4428-913F-C37AE82CDB24}.Release|iPhoneSimulator.ActiveCfg = Release|Any CPU
		{67F9D3A8-F71E-4428-913F-C37AE82CDB24}.Release|iPhoneSimulator.Build.0 = Release|Any CPU
		{67F9D3A8-F71E-4428-913F-C37AE82CDB24}.Release|x64.ActiveCfg = Release|Any CPU
		{67F9D3A8-F71E-4428-913F-C37AE82CDB24}.Release|x64.Build.0 = Release|Any CPU
		{67F9D3A8-F71E-4428-913F-C37AE82CDB24}.Release|x86.ActiveCfg = Release|Any CPU
		{67F9D3A8-F71E-4428-913F-C37AE82CDB24}.Release|x86.Build.0 = Release|Any CPU
		{25F8328C-0E38-45FF-9A46-83AABBA8E8EE}.Ad-Hoc|Any CPU.ActiveCfg = Release|Any CPU
		{25F8328C-0E38-45FF-9A46-83AABBA8E8EE}.Ad-Hoc|Any CPU.Build.0 = Release|Any CPU
		{25F8328C-0E38-45FF-9A46-83AABBA8E8EE}.Ad-Hoc|ARM.ActiveCfg = Release|Any CPU
		{25F8328C-0E38-45FF-9A46-83AABBA8E8EE}.Ad-Hoc|ARM.Build.0 = Release|Any CPU
		{25F8328C-0E38-45FF-9A46-83AABBA8E8EE}.Ad-Hoc|iPhone.ActiveCfg = Release|Any CPU
		{25F8328C-0E38-45FF-9A46-83AABBA8E8EE}.Ad-Hoc|iPhone.Build.0 = Release|Any CPU
		{25F8328C-0E38-45FF-9A46-83AABBA8E8EE}.Ad-Hoc|iPhoneSimulator.ActiveCfg = Release|Any CPU
		{25F8328C-0E38-45FF-9A46-83AABBA8E8EE}.Ad-Hoc|iPhoneSimulator.Build.0 = Release|Any CPU
		{25F8328C-0E38-45FF-9A46-83AABBA8E8EE}.Ad-Hoc|x64.ActiveCfg = Release|Any CPU
		{25F8328C-0E38-45FF-9A46-83AABBA8E8EE}.Ad-Hoc|x64.Build.0 = Release|Any CPU
		{25F8328C-0E38-45FF-9A46-83AABBA8E8EE}.Ad-Hoc|x86.ActiveCfg = Release|Any CPU
		{25F8328C-0E38-45FF-9A46-83AABBA8E8EE}.Ad-Hoc|x86.Build.0 = Release|Any CPU
		{25F8328C-0E38-45FF-9A46-83AABBA8E8EE}.AppStore|Any CPU.ActiveCfg = Release|Any CPU
		{25F8328C-0E38-45FF-9A46-83AABBA8E8EE}.AppStore|Any CPU.Build.0 = Release|Any CPU
		{25F8328C-0E38-45FF-9A46-83AABBA8E8EE}.AppStore|ARM.ActiveCfg = Release|Any CPU
		{25F8328C-0E38-45FF-9A46-83AABBA8E8EE}.AppStore|ARM.Build.0 = Release|Any CPU
		{25F8328C-0E38-45FF-9A46-83AABBA8E8EE}.AppStore|iPhone.ActiveCfg = Release|Any CPU
		{25F8328C-0E38-45FF-9A46-83AABBA8E8EE}.AppStore|iPhone.Build.0 = Release|Any CPU
		{25F8328C-0E38-45FF-9A46-83AABBA8E8EE}.AppStore|iPhoneSimulator.ActiveCfg = Release|Any CPU
		{25F8328C-0E38-45FF-9A46-83AABBA8E8EE}.AppStore|iPhoneSimulator.Build.0 = Release|Any CPU
		{25F8328C-0E38-45FF-9A46-83AABBA8E8EE}.AppStore|x64.ActiveCfg = Release|Any CPU
		{25F8328C-0E38-45FF-9A46-83AABBA8E8EE}.AppStore|x64.Build.0 = Release|Any CPU
		{25F8328C-0E38-45FF-9A46-83AABBA8E8EE}.AppStore|x86.ActiveCfg = Release|Any CPU
		{25F8328C-0E38-45FF-9A46-83AABBA8E8EE}.AppStore|x86.Build.0 = Release|Any CPU
		{25F8328C-0E38-45FF-9A46-83AABBA8E8EE}.Debug|Any CPU.ActiveCfg = Debug|Any CPU
		{25F8328C-0E38-45FF-9A46-83AABBA8E8EE}.Debug|Any CPU.Build.0 = Debug|Any CPU
		{25F8328C-0E38-45FF-9A46-83AABBA8E8EE}.Debug|ARM.ActiveCfg = Debug|Any CPU
		{25F8328C-0E38-45FF-9A46-83AABBA8E8EE}.Debug|ARM.Build.0 = Debug|Any CPU
		{25F8328C-0E38-45FF-9A46-83AABBA8E8EE}.Debug|iPhone.ActiveCfg = Debug|Any CPU
		{25F8328C-0E38-45FF-9A46-83AABBA8E8EE}.Debug|iPhone.Build.0 = Debug|Any CPU
		{25F8328C-0E38-45FF-9A46-83AABBA8E8EE}.Debug|iPhoneSimulator.ActiveCfg = Debug|Any CPU
		{25F8328C-0E38-45FF-9A46-83AABBA8E8EE}.Debug|iPhoneSimulator.Build.0 = Debug|Any CPU
		{25F8328C-0E38-45FF-9A46-83AABBA8E8EE}.Debug|x64.ActiveCfg = Debug|Any CPU
		{25F8328C-0E38-45FF-9A46-83AABBA8E8EE}.Debug|x64.Build.0 = Debug|Any CPU
		{25F8328C-0E38-45FF-9A46-83AABBA8E8EE}.Debug|x86.ActiveCfg = Debug|Any CPU
		{25F8328C-0E38-45FF-9A46-83AABBA8E8EE}.Debug|x86.Build.0 = Debug|Any CPU
		{25F8328C-0E38-45FF-9A46-83AABBA8E8EE}.Release|Any CPU.ActiveCfg = Release|Any CPU
		{25F8328C-0E38-45FF-9A46-83AABBA8E8EE}.Release|Any CPU.Build.0 = Release|Any CPU
		{25F8328C-0E38-45FF-9A46-83AABBA8E8EE}.Release|ARM.ActiveCfg = Release|Any CPU
		{25F8328C-0E38-45FF-9A46-83AABBA8E8EE}.Release|ARM.Build.0 = Release|Any CPU
		{25F8328C-0E38-45FF-9A46-83AABBA8E8EE}.Release|iPhone.ActiveCfg = Release|Any CPU
		{25F8328C-0E38-45FF-9A46-83AABBA8E8EE}.Release|iPhone.Build.0 = Release|Any CPU
		{25F8328C-0E38-45FF-9A46-83AABBA8E8EE}.Release|iPhoneSimulator.ActiveCfg = Release|Any CPU
		{25F8328C-0E38-45FF-9A46-83AABBA8E8EE}.Release|iPhoneSimulator.Build.0 = Release|Any CPU
		{25F8328C-0E38-45FF-9A46-83AABBA8E8EE}.Release|x64.ActiveCfg = Release|Any CPU
		{25F8328C-0E38-45FF-9A46-83AABBA8E8EE}.Release|x64.Build.0 = Release|Any CPU
		{25F8328C-0E38-45FF-9A46-83AABBA8E8EE}.Release|x86.ActiveCfg = Release|Any CPU
		{25F8328C-0E38-45FF-9A46-83AABBA8E8EE}.Release|x86.Build.0 = Release|Any CPU
		{F54D1C0B-8514-4C95-BE97-E3005E65E0B7}.Ad-Hoc|Any CPU.ActiveCfg = Release|Any CPU
		{F54D1C0B-8514-4C95-BE97-E3005E65E0B7}.Ad-Hoc|Any CPU.Build.0 = Release|Any CPU
		{F54D1C0B-8514-4C95-BE97-E3005E65E0B7}.Ad-Hoc|ARM.ActiveCfg = Release|Any CPU
		{F54D1C0B-8514-4C95-BE97-E3005E65E0B7}.Ad-Hoc|ARM.Build.0 = Release|Any CPU
		{F54D1C0B-8514-4C95-BE97-E3005E65E0B7}.Ad-Hoc|iPhone.ActiveCfg = Release|Any CPU
		{F54D1C0B-8514-4C95-BE97-E3005E65E0B7}.Ad-Hoc|iPhone.Build.0 = Release|Any CPU
		{F54D1C0B-8514-4C95-BE97-E3005E65E0B7}.Ad-Hoc|iPhoneSimulator.ActiveCfg = Release|Any CPU
		{F54D1C0B-8514-4C95-BE97-E3005E65E0B7}.Ad-Hoc|iPhoneSimulator.Build.0 = Release|Any CPU
		{F54D1C0B-8514-4C95-BE97-E3005E65E0B7}.Ad-Hoc|x64.ActiveCfg = Release|Any CPU
		{F54D1C0B-8514-4C95-BE97-E3005E65E0B7}.Ad-Hoc|x64.Build.0 = Release|Any CPU
		{F54D1C0B-8514-4C95-BE97-E3005E65E0B7}.Ad-Hoc|x86.ActiveCfg = Release|Any CPU
		{F54D1C0B-8514-4C95-BE97-E3005E65E0B7}.Ad-Hoc|x86.Build.0 = Release|Any CPU
		{F54D1C0B-8514-4C95-BE97-E3005E65E0B7}.AppStore|Any CPU.ActiveCfg = Release|Any CPU
		{F54D1C0B-8514-4C95-BE97-E3005E65E0B7}.AppStore|Any CPU.Build.0 = Release|Any CPU
		{F54D1C0B-8514-4C95-BE97-E3005E65E0B7}.AppStore|ARM.ActiveCfg = Release|Any CPU
		{F54D1C0B-8514-4C95-BE97-E3005E65E0B7}.AppStore|ARM.Build.0 = Release|Any CPU
		{F54D1C0B-8514-4C95-BE97-E3005E65E0B7}.AppStore|iPhone.ActiveCfg = Release|Any CPU
		{F54D1C0B-8514-4C95-BE97-E3005E65E0B7}.AppStore|iPhone.Build.0 = Release|Any CPU
		{F54D1C0B-8514-4C95-BE97-E3005E65E0B7}.AppStore|iPhoneSimulator.ActiveCfg = Release|Any CPU
		{F54D1C0B-8514-4C95-BE97-E3005E65E0B7}.AppStore|iPhoneSimulator.Build.0 = Release|Any CPU
		{F54D1C0B-8514-4C95-BE97-E3005E65E0B7}.AppStore|x64.ActiveCfg = Release|Any CPU
		{F54D1C0B-8514-4C95-BE97-E3005E65E0B7}.AppStore|x64.Build.0 = Release|Any CPU
		{F54D1C0B-8514-4C95-BE97-E3005E65E0B7}.AppStore|x86.ActiveCfg = Release|Any CPU
		{F54D1C0B-8514-4C95-BE97-E3005E65E0B7}.AppStore|x86.Build.0 = Release|Any CPU
		{F54D1C0B-8514-4C95-BE97-E3005E65E0B7}.Debug|Any CPU.ActiveCfg = Debug|Any CPU
		{F54D1C0B-8514-4C95-BE97-E3005E65E0B7}.Debug|Any CPU.Build.0 = Debug|Any CPU
		{F54D1C0B-8514-4C95-BE97-E3005E65E0B7}.Debug|ARM.ActiveCfg = Debug|Any CPU
		{F54D1C0B-8514-4C95-BE97-E3005E65E0B7}.Debug|ARM.Build.0 = Debug|Any CPU
		{F54D1C0B-8514-4C95-BE97-E3005E65E0B7}.Debug|iPhone.ActiveCfg = Debug|Any CPU
		{F54D1C0B-8514-4C95-BE97-E3005E65E0B7}.Debug|iPhone.Build.0 = Debug|Any CPU
		{F54D1C0B-8514-4C95-BE97-E3005E65E0B7}.Debug|iPhoneSimulator.ActiveCfg = Debug|Any CPU
		{F54D1C0B-8514-4C95-BE97-E3005E65E0B7}.Debug|iPhoneSimulator.Build.0 = Debug|Any CPU
		{F54D1C0B-8514-4C95-BE97-E3005E65E0B7}.Debug|x64.ActiveCfg = Debug|Any CPU
		{F54D1C0B-8514-4C95-BE97-E3005E65E0B7}.Debug|x64.Build.0 = Debug|Any CPU
		{F54D1C0B-8514-4C95-BE97-E3005E65E0B7}.Debug|x86.ActiveCfg = Debug|Any CPU
		{F54D1C0B-8514-4C95-BE97-E3005E65E0B7}.Debug|x86.Build.0 = Debug|Any CPU
		{F54D1C0B-8514-4C95-BE97-E3005E65E0B7}.Release|Any CPU.ActiveCfg = Release|Any CPU
		{F54D1C0B-8514-4C95-BE97-E3005E65E0B7}.Release|Any CPU.Build.0 = Release|Any CPU
		{F54D1C0B-8514-4C95-BE97-E3005E65E0B7}.Release|ARM.ActiveCfg = Release|Any CPU
		{F54D1C0B-8514-4C95-BE97-E3005E65E0B7}.Release|ARM.Build.0 = Release|Any CPU
		{F54D1C0B-8514-4C95-BE97-E3005E65E0B7}.Release|iPhone.ActiveCfg = Release|Any CPU
		{F54D1C0B-8514-4C95-BE97-E3005E65E0B7}.Release|iPhone.Build.0 = Release|Any CPU
		{F54D1C0B-8514-4C95-BE97-E3005E65E0B7}.Release|iPhoneSimulator.ActiveCfg = Release|Any CPU
		{F54D1C0B-8514-4C95-BE97-E3005E65E0B7}.Release|iPhoneSimulator.Build.0 = Release|Any CPU
		{F54D1C0B-8514-4C95-BE97-E3005E65E0B7}.Release|x64.ActiveCfg = Release|Any CPU
		{F54D1C0B-8514-4C95-BE97-E3005E65E0B7}.Release|x64.Build.0 = Release|Any CPU
		{F54D1C0B-8514-4C95-BE97-E3005E65E0B7}.Release|x86.ActiveCfg = Release|Any CPU
		{F54D1C0B-8514-4C95-BE97-E3005E65E0B7}.Release|x86.Build.0 = Release|Any CPU
		{D293E066-1556-466F-8340-DA57666B93E9}.Ad-Hoc|Any CPU.ActiveCfg = Release|Any CPU
		{D293E066-1556-466F-8340-DA57666B93E9}.Ad-Hoc|Any CPU.Build.0 = Release|Any CPU
		{D293E066-1556-466F-8340-DA57666B93E9}.Ad-Hoc|ARM.ActiveCfg = Release|Any CPU
		{D293E066-1556-466F-8340-DA57666B93E9}.Ad-Hoc|ARM.Build.0 = Release|Any CPU
		{D293E066-1556-466F-8340-DA57666B93E9}.Ad-Hoc|iPhone.ActiveCfg = Release|Any CPU
		{D293E066-1556-466F-8340-DA57666B93E9}.Ad-Hoc|iPhone.Build.0 = Release|Any CPU
		{D293E066-1556-466F-8340-DA57666B93E9}.Ad-Hoc|iPhoneSimulator.ActiveCfg = Release|Any CPU
		{D293E066-1556-466F-8340-DA57666B93E9}.Ad-Hoc|iPhoneSimulator.Build.0 = Release|Any CPU
		{D293E066-1556-466F-8340-DA57666B93E9}.Ad-Hoc|x64.ActiveCfg = Release|Any CPU
		{D293E066-1556-466F-8340-DA57666B93E9}.Ad-Hoc|x64.Build.0 = Release|Any CPU
		{D293E066-1556-466F-8340-DA57666B93E9}.Ad-Hoc|x86.ActiveCfg = Release|Any CPU
		{D293E066-1556-466F-8340-DA57666B93E9}.Ad-Hoc|x86.Build.0 = Release|Any CPU
		{D293E066-1556-466F-8340-DA57666B93E9}.AppStore|Any CPU.ActiveCfg = Release|Any CPU
		{D293E066-1556-466F-8340-DA57666B93E9}.AppStore|Any CPU.Build.0 = Release|Any CPU
		{D293E066-1556-466F-8340-DA57666B93E9}.AppStore|ARM.ActiveCfg = Release|Any CPU
		{D293E066-1556-466F-8340-DA57666B93E9}.AppStore|ARM.Build.0 = Release|Any CPU
		{D293E066-1556-466F-8340-DA57666B93E9}.AppStore|iPhone.ActiveCfg = Release|Any CPU
		{D293E066-1556-466F-8340-DA57666B93E9}.AppStore|iPhone.Build.0 = Release|Any CPU
		{D293E066-1556-466F-8340-DA57666B93E9}.AppStore|iPhoneSimulator.ActiveCfg = Release|Any CPU
		{D293E066-1556-466F-8340-DA57666B93E9}.AppStore|iPhoneSimulator.Build.0 = Release|Any CPU
		{D293E066-1556-466F-8340-DA57666B93E9}.AppStore|x64.ActiveCfg = Release|Any CPU
		{D293E066-1556-466F-8340-DA57666B93E9}.AppStore|x64.Build.0 = Release|Any CPU
		{D293E066-1556-466F-8340-DA57666B93E9}.AppStore|x86.ActiveCfg = Release|Any CPU
		{D293E066-1556-466F-8340-DA57666B93E9}.AppStore|x86.Build.0 = Release|Any CPU
		{D293E066-1556-466F-8340-DA57666B93E9}.Debug|Any CPU.ActiveCfg = Debug|Any CPU
		{D293E066-1556-466F-8340-DA57666B93E9}.Debug|Any CPU.Build.0 = Debug|Any CPU
		{D293E066-1556-466F-8340-DA57666B93E9}.Debug|ARM.ActiveCfg = Debug|Any CPU
		{D293E066-1556-466F-8340-DA57666B93E9}.Debug|ARM.Build.0 = Debug|Any CPU
		{D293E066-1556-466F-8340-DA57666B93E9}.Debug|iPhone.ActiveCfg = Debug|Any CPU
		{D293E066-1556-466F-8340-DA57666B93E9}.Debug|iPhone.Build.0 = Debug|Any CPU
		{D293E066-1556-466F-8340-DA57666B93E9}.Debug|iPhoneSimulator.ActiveCfg = Debug|Any CPU
		{D293E066-1556-466F-8340-DA57666B93E9}.Debug|iPhoneSimulator.Build.0 = Debug|Any CPU
		{D293E066-1556-466F-8340-DA57666B93E9}.Debug|x64.ActiveCfg = Debug|Any CPU
		{D293E066-1556-466F-8340-DA57666B93E9}.Debug|x64.Build.0 = Debug|Any CPU
		{D293E066-1556-466F-8340-DA57666B93E9}.Debug|x86.ActiveCfg = Debug|Any CPU
		{D293E066-1556-466F-8340-DA57666B93E9}.Debug|x86.Build.0 = Debug|Any CPU
		{D293E066-1556-466F-8340-DA57666B93E9}.Release|Any CPU.ActiveCfg = Release|Any CPU
		{D293E066-1556-466F-8340-DA57666B93E9}.Release|Any CPU.Build.0 = Release|Any CPU
		{D293E066-1556-466F-8340-DA57666B93E9}.Release|ARM.ActiveCfg = Release|Any CPU
		{D293E066-1556-466F-8340-DA57666B93E9}.Release|ARM.Build.0 = Release|Any CPU
		{D293E066-1556-466F-8340-DA57666B93E9}.Release|iPhone.ActiveCfg = Release|Any CPU
		{D293E066-1556-466F-8340-DA57666B93E9}.Release|iPhone.Build.0 = Release|Any CPU
		{D293E066-1556-466F-8340-DA57666B93E9}.Release|iPhoneSimulator.ActiveCfg = Release|Any CPU
		{D293E066-1556-466F-8340-DA57666B93E9}.Release|iPhoneSimulator.Build.0 = Release|Any CPU
		{D293E066-1556-466F-8340-DA57666B93E9}.Release|x64.ActiveCfg = Release|Any CPU
		{D293E066-1556-466F-8340-DA57666B93E9}.Release|x64.Build.0 = Release|Any CPU
		{D293E066-1556-466F-8340-DA57666B93E9}.Release|x86.ActiveCfg = Release|Any CPU
		{D293E066-1556-466F-8340-DA57666B93E9}.Release|x86.Build.0 = Release|Any CPU
		{956A3B16-F1D9-4B09-AED8-91680EF1C78C}.Ad-Hoc|Any CPU.ActiveCfg = Release|Any CPU
		{956A3B16-F1D9-4B09-AED8-91680EF1C78C}.Ad-Hoc|Any CPU.Build.0 = Release|Any CPU
		{956A3B16-F1D9-4B09-AED8-91680EF1C78C}.Ad-Hoc|Any CPU.Deploy.0 = Release|Any CPU
		{956A3B16-F1D9-4B09-AED8-91680EF1C78C}.Ad-Hoc|ARM.ActiveCfg = Release|Any CPU
		{956A3B16-F1D9-4B09-AED8-91680EF1C78C}.Ad-Hoc|ARM.Build.0 = Release|Any CPU
		{956A3B16-F1D9-4B09-AED8-91680EF1C78C}.Ad-Hoc|ARM.Deploy.0 = Release|Any CPU
		{956A3B16-F1D9-4B09-AED8-91680EF1C78C}.Ad-Hoc|iPhone.ActiveCfg = Release|Any CPU
		{956A3B16-F1D9-4B09-AED8-91680EF1C78C}.Ad-Hoc|iPhone.Build.0 = Release|Any CPU
		{956A3B16-F1D9-4B09-AED8-91680EF1C78C}.Ad-Hoc|iPhone.Deploy.0 = Release|Any CPU
		{956A3B16-F1D9-4B09-AED8-91680EF1C78C}.Ad-Hoc|iPhoneSimulator.ActiveCfg = Release|Any CPU
		{956A3B16-F1D9-4B09-AED8-91680EF1C78C}.Ad-Hoc|iPhoneSimulator.Build.0 = Release|Any CPU
		{956A3B16-F1D9-4B09-AED8-91680EF1C78C}.Ad-Hoc|iPhoneSimulator.Deploy.0 = Release|Any CPU
		{956A3B16-F1D9-4B09-AED8-91680EF1C78C}.Ad-Hoc|x64.ActiveCfg = Release|Any CPU
		{956A3B16-F1D9-4B09-AED8-91680EF1C78C}.Ad-Hoc|x64.Build.0 = Release|Any CPU
		{956A3B16-F1D9-4B09-AED8-91680EF1C78C}.Ad-Hoc|x64.Deploy.0 = Release|Any CPU
		{956A3B16-F1D9-4B09-AED8-91680EF1C78C}.Ad-Hoc|x86.ActiveCfg = Release|Any CPU
		{956A3B16-F1D9-4B09-AED8-91680EF1C78C}.Ad-Hoc|x86.Build.0 = Release|Any CPU
		{956A3B16-F1D9-4B09-AED8-91680EF1C78C}.Ad-Hoc|x86.Deploy.0 = Release|Any CPU
		{956A3B16-F1D9-4B09-AED8-91680EF1C78C}.AppStore|Any CPU.ActiveCfg = Release|Any CPU
		{956A3B16-F1D9-4B09-AED8-91680EF1C78C}.AppStore|Any CPU.Build.0 = Release|Any CPU
		{956A3B16-F1D9-4B09-AED8-91680EF1C78C}.AppStore|Any CPU.Deploy.0 = Release|Any CPU
		{956A3B16-F1D9-4B09-AED8-91680EF1C78C}.AppStore|ARM.ActiveCfg = Release|Any CPU
		{956A3B16-F1D9-4B09-AED8-91680EF1C78C}.AppStore|ARM.Build.0 = Release|Any CPU
		{956A3B16-F1D9-4B09-AED8-91680EF1C78C}.AppStore|ARM.Deploy.0 = Release|Any CPU
		{956A3B16-F1D9-4B09-AED8-91680EF1C78C}.AppStore|iPhone.ActiveCfg = Release|Any CPU
		{956A3B16-F1D9-4B09-AED8-91680EF1C78C}.AppStore|iPhone.Build.0 = Release|Any CPU
		{956A3B16-F1D9-4B09-AED8-91680EF1C78C}.AppStore|iPhone.Deploy.0 = Release|Any CPU
		{956A3B16-F1D9-4B09-AED8-91680EF1C78C}.AppStore|iPhoneSimulator.ActiveCfg = Release|Any CPU
		{956A3B16-F1D9-4B09-AED8-91680EF1C78C}.AppStore|iPhoneSimulator.Build.0 = Release|Any CPU
		{956A3B16-F1D9-4B09-AED8-91680EF1C78C}.AppStore|iPhoneSimulator.Deploy.0 = Release|Any CPU
		{956A3B16-F1D9-4B09-AED8-91680EF1C78C}.AppStore|x64.ActiveCfg = Release|Any CPU
		{956A3B16-F1D9-4B09-AED8-91680EF1C78C}.AppStore|x64.Build.0 = Release|Any CPU
		{956A3B16-F1D9-4B09-AED8-91680EF1C78C}.AppStore|x64.Deploy.0 = Release|Any CPU
		{956A3B16-F1D9-4B09-AED8-91680EF1C78C}.AppStore|x86.ActiveCfg = Release|Any CPU
		{956A3B16-F1D9-4B09-AED8-91680EF1C78C}.AppStore|x86.Build.0 = Release|Any CPU
		{956A3B16-F1D9-4B09-AED8-91680EF1C78C}.AppStore|x86.Deploy.0 = Release|Any CPU
		{956A3B16-F1D9-4B09-AED8-91680EF1C78C}.Debug|Any CPU.ActiveCfg = Debug|Any CPU
		{956A3B16-F1D9-4B09-AED8-91680EF1C78C}.Debug|Any CPU.Build.0 = Debug|Any CPU
		{956A3B16-F1D9-4B09-AED8-91680EF1C78C}.Debug|Any CPU.Deploy.0 = Debug|Any CPU
		{956A3B16-F1D9-4B09-AED8-91680EF1C78C}.Debug|ARM.ActiveCfg = Debug|Any CPU
		{956A3B16-F1D9-4B09-AED8-91680EF1C78C}.Debug|ARM.Build.0 = Debug|Any CPU
		{956A3B16-F1D9-4B09-AED8-91680EF1C78C}.Debug|ARM.Deploy.0 = Debug|Any CPU
		{956A3B16-F1D9-4B09-AED8-91680EF1C78C}.Debug|iPhone.ActiveCfg = Debug|Any CPU
		{956A3B16-F1D9-4B09-AED8-91680EF1C78C}.Debug|iPhone.Build.0 = Debug|Any CPU
		{956A3B16-F1D9-4B09-AED8-91680EF1C78C}.Debug|iPhone.Deploy.0 = Debug|Any CPU
		{956A3B16-F1D9-4B09-AED8-91680EF1C78C}.Debug|iPhoneSimulator.ActiveCfg = Debug|Any CPU
		{956A3B16-F1D9-4B09-AED8-91680EF1C78C}.Debug|iPhoneSimulator.Build.0 = Debug|Any CPU
		{956A3B16-F1D9-4B09-AED8-91680EF1C78C}.Debug|iPhoneSimulator.Deploy.0 = Debug|Any CPU
		{956A3B16-F1D9-4B09-AED8-91680EF1C78C}.Debug|x64.ActiveCfg = Debug|Any CPU
		{956A3B16-F1D9-4B09-AED8-91680EF1C78C}.Debug|x64.Build.0 = Debug|Any CPU
		{956A3B16-F1D9-4B09-AED8-91680EF1C78C}.Debug|x64.Deploy.0 = Debug|Any CPU
		{956A3B16-F1D9-4B09-AED8-91680EF1C78C}.Debug|x86.ActiveCfg = Debug|Any CPU
		{956A3B16-F1D9-4B09-AED8-91680EF1C78C}.Debug|x86.Build.0 = Debug|Any CPU
		{956A3B16-F1D9-4B09-AED8-91680EF1C78C}.Debug|x86.Deploy.0 = Debug|Any CPU
		{956A3B16-F1D9-4B09-AED8-91680EF1C78C}.Release|Any CPU.ActiveCfg = Release|Any CPU
		{956A3B16-F1D9-4B09-AED8-91680EF1C78C}.Release|Any CPU.Build.0 = Release|Any CPU
		{956A3B16-F1D9-4B09-AED8-91680EF1C78C}.Release|Any CPU.Deploy.0 = Release|Any CPU
		{956A3B16-F1D9-4B09-AED8-91680EF1C78C}.Release|ARM.ActiveCfg = Release|Any CPU
		{956A3B16-F1D9-4B09-AED8-91680EF1C78C}.Release|ARM.Build.0 = Release|Any CPU
		{956A3B16-F1D9-4B09-AED8-91680EF1C78C}.Release|ARM.Deploy.0 = Release|Any CPU
		{956A3B16-F1D9-4B09-AED8-91680EF1C78C}.Release|iPhone.ActiveCfg = Release|Any CPU
		{956A3B16-F1D9-4B09-AED8-91680EF1C78C}.Release|iPhone.Build.0 = Release|Any CPU
		{956A3B16-F1D9-4B09-AED8-91680EF1C78C}.Release|iPhone.Deploy.0 = Release|Any CPU
		{956A3B16-F1D9-4B09-AED8-91680EF1C78C}.Release|iPhoneSimulator.ActiveCfg = Release|Any CPU
		{956A3B16-F1D9-4B09-AED8-91680EF1C78C}.Release|iPhoneSimulator.Build.0 = Release|Any CPU
		{956A3B16-F1D9-4B09-AED8-91680EF1C78C}.Release|iPhoneSimulator.Deploy.0 = Release|Any CPU
		{956A3B16-F1D9-4B09-AED8-91680EF1C78C}.Release|x64.ActiveCfg = Release|Any CPU
		{956A3B16-F1D9-4B09-AED8-91680EF1C78C}.Release|x64.Build.0 = Release|Any CPU
		{956A3B16-F1D9-4B09-AED8-91680EF1C78C}.Release|x64.Deploy.0 = Release|Any CPU
		{956A3B16-F1D9-4B09-AED8-91680EF1C78C}.Release|x86.ActiveCfg = Release|Any CPU
		{956A3B16-F1D9-4B09-AED8-91680EF1C78C}.Release|x86.Build.0 = Release|Any CPU
		{956A3B16-F1D9-4B09-AED8-91680EF1C78C}.Release|x86.Deploy.0 = Release|Any CPU
		{BDD7CA77-9062-4A13-8EDA-627296AEBB80}.Ad-Hoc|Any CPU.ActiveCfg = Ad-Hoc|iPhone
		{BDD7CA77-9062-4A13-8EDA-627296AEBB80}.Ad-Hoc|ARM.ActiveCfg = Ad-Hoc|iPhone
		{BDD7CA77-9062-4A13-8EDA-627296AEBB80}.Ad-Hoc|iPhone.ActiveCfg = Ad-Hoc|iPhone
		{BDD7CA77-9062-4A13-8EDA-627296AEBB80}.Ad-Hoc|iPhone.Build.0 = Ad-Hoc|iPhone
		{BDD7CA77-9062-4A13-8EDA-627296AEBB80}.Ad-Hoc|iPhoneSimulator.ActiveCfg = Ad-Hoc|iPhoneSimulator
		{BDD7CA77-9062-4A13-8EDA-627296AEBB80}.Ad-Hoc|iPhoneSimulator.Build.0 = Ad-Hoc|iPhoneSimulator
		{BDD7CA77-9062-4A13-8EDA-627296AEBB80}.Ad-Hoc|x64.ActiveCfg = Ad-Hoc|iPhone
		{BDD7CA77-9062-4A13-8EDA-627296AEBB80}.Ad-Hoc|x86.ActiveCfg = Ad-Hoc|iPhone
		{BDD7CA77-9062-4A13-8EDA-627296AEBB80}.AppStore|Any CPU.ActiveCfg = AppStore|iPhone
		{BDD7CA77-9062-4A13-8EDA-627296AEBB80}.AppStore|ARM.ActiveCfg = AppStore|iPhone
		{BDD7CA77-9062-4A13-8EDA-627296AEBB80}.AppStore|iPhone.ActiveCfg = AppStore|iPhone
		{BDD7CA77-9062-4A13-8EDA-627296AEBB80}.AppStore|iPhone.Build.0 = AppStore|iPhone
		{BDD7CA77-9062-4A13-8EDA-627296AEBB80}.AppStore|iPhoneSimulator.ActiveCfg = AppStore|iPhoneSimulator
		{BDD7CA77-9062-4A13-8EDA-627296AEBB80}.AppStore|iPhoneSimulator.Build.0 = AppStore|iPhoneSimulator
		{BDD7CA77-9062-4A13-8EDA-627296AEBB80}.AppStore|x64.ActiveCfg = AppStore|iPhone
		{BDD7CA77-9062-4A13-8EDA-627296AEBB80}.AppStore|x86.ActiveCfg = AppStore|iPhone
		{BDD7CA77-9062-4A13-8EDA-627296AEBB80}.Debug|Any CPU.ActiveCfg = Debug|iPhone
		{BDD7CA77-9062-4A13-8EDA-627296AEBB80}.Debug|ARM.ActiveCfg = Debug|iPhone
		{BDD7CA77-9062-4A13-8EDA-627296AEBB80}.Debug|iPhone.ActiveCfg = Debug|iPhone
		{BDD7CA77-9062-4A13-8EDA-627296AEBB80}.Debug|iPhone.Build.0 = Debug|iPhone
		{BDD7CA77-9062-4A13-8EDA-627296AEBB80}.Debug|iPhoneSimulator.ActiveCfg = Debug|iPhoneSimulator
		{BDD7CA77-9062-4A13-8EDA-627296AEBB80}.Debug|iPhoneSimulator.Build.0 = Debug|iPhoneSimulator
		{BDD7CA77-9062-4A13-8EDA-627296AEBB80}.Debug|x64.ActiveCfg = Debug|iPhone
		{BDD7CA77-9062-4A13-8EDA-627296AEBB80}.Debug|x86.ActiveCfg = Debug|iPhone
		{BDD7CA77-9062-4A13-8EDA-627296AEBB80}.Release|Any CPU.ActiveCfg = Release|iPhone
		{BDD7CA77-9062-4A13-8EDA-627296AEBB80}.Release|ARM.ActiveCfg = Release|iPhone
		{BDD7CA77-9062-4A13-8EDA-627296AEBB80}.Release|iPhone.ActiveCfg = Release|iPhone
		{BDD7CA77-9062-4A13-8EDA-627296AEBB80}.Release|iPhone.Build.0 = Release|iPhone
		{BDD7CA77-9062-4A13-8EDA-627296AEBB80}.Release|iPhoneSimulator.ActiveCfg = Release|iPhoneSimulator
		{BDD7CA77-9062-4A13-8EDA-627296AEBB80}.Release|iPhoneSimulator.Build.0 = Release|iPhoneSimulator
		{BDD7CA77-9062-4A13-8EDA-627296AEBB80}.Release|x64.ActiveCfg = Release|iPhone
		{BDD7CA77-9062-4A13-8EDA-627296AEBB80}.Release|x86.ActiveCfg = Release|iPhone
	EndGlobalSection
	GlobalSection(SolutionProperties) = preSolution
		HideSolutionNode = FALSE
	EndGlobalSection
	GlobalSection(NestedProjects) = preSolution
		{D293E066-1556-466F-8340-DA57666B93E9} = {43BE300D-EE4B-4188-9EF1-43D654FEAE8B}
		{956A3B16-F1D9-4B09-AED8-91680EF1C78C} = {43BE300D-EE4B-4188-9EF1-43D654FEAE8B}
		{BDD7CA77-9062-4A13-8EDA-627296AEBB80} = {43BE300D-EE4B-4188-9EF1-43D654FEAE8B}
	EndGlobalSection
EndGlobal
